Microsoft Visual Studio Solution File, Format Version 12.00
# Visual Studio 2012
Project("{FAE04EC0-301F-11D3-BF4B-00C04F79EFBC}") = "RLE-Meshing-Godot", "RLE-Meshing-Godot.csproj", "{B1DA90A2-A1E1-4C4D-9327-F11DC4D9EB68}"
EndProject
Global
	GlobalSection(SolutionConfigurationPlatforms) = preSolution
	Debug|Any CPU = Debug|Any CPU
	ExportDebug|Any CPU = ExportDebug|Any CPU
	ExportRelease|Any CPU = ExportRelease|Any CPU
	EndGlobalSection
	GlobalSection(ProjectConfigurationPlatforms) = postSolution
		{B1DA90A2-A1E1-4C4D-9327-F11DC4D9EB68}.Debug|Any CPU.ActiveCfg = Debug|Any CPU
		{B1DA90A2-A1E1-4C4D-9327-F11DC4D9EB68}.Debug|Any CPU.Build.0 = Debug|Any CPU
		{B1DA90A2-A1E1-4C4D-9327-F11DC4D9EB68}.ExportDebug|Any CPU.ActiveCfg = ExportDebug|Any CPU
		{B1DA90A2-A1E1-4C4D-9327-F11DC4D9EB68}.ExportDebug|Any CPU.Build.0 = ExportDebug|Any CPU
		{B1DA90A2-A1E1-4C4D-9327-F11DC4D9EB68}.ExportRelease|Any CPU.ActiveCfg = ExportRelease|Any CPU
		{B1DA90A2-A1E1-4C4D-9327-F11DC4D9EB68}.ExportRelease|Any CPU.Build.0 = ExportRelease|Any CPU
	EndGlobalSection
EndGlobal
